{
    "_readme": [
        "This file locks the dependencies of your project to a known state",
        "Read more about it at https://getcomposer.org/doc/01-basic-usage.md#installing-dependencies",
        "This file is @generated automatically"
    ],
    "content-hash": "bdd64ee6b603b29d08e1732cb25846c9",
    "packages": [
        {
            "name": "firebase/php-jwt",
            "version": "v5.2.1",
            "source": {
                "type": "git",
                "url": "https://github.com/firebase/php-jwt.git",
                "reference": "f42c9110abe98dd6cfe9053c49bc86acc70b2d23"
            },
            "dist": {
                "type": "zip",
                "url": "https://api.github.com/repos/firebase/php-jwt/zipball/f42c9110abe98dd6cfe9053c49bc86acc70b2d23",
                "reference": "f42c9110abe98dd6cfe9053c49bc86acc70b2d23",
                "shasum": ""
            },
            "require": {
                "php": ">=5.3.0"
            },
            "require-dev": {
                "phpunit/phpunit": ">=4.8 <=9"
            },
            "type": "library",
            "autoload": {
                "psr-4": {
                    "Firebase\\JWT\\": "src"
                }
            },
            "notification-url": "https://packagist.org/downloads/",
            "license": [
                "BSD-3-Clause"
            ],
            "authors": [
                {
                    "name": "Neuman Vong",
                    "email": "neuman+pear@twilio.com",
                    "role": "Developer"
                },
                {
                    "name": "Anant Narayanan",
                    "email": "anant@php.net",
                    "role": "Developer"
                }
            ],
            "description": "A simple library to encode and decode JSON Web Tokens (JWT) in PHP. Should conform to the current spec.",
            "homepage": "https://github.com/firebase/php-jwt",
            "keywords": [
                "jwt",
                "php"
            ],
            "support": {
                "issues": "https://github.com/firebase/php-jwt/issues",
                "source": "https://github.com/firebase/php-jwt/tree/v5.2.1"
            },
            "time": "2021-02-12T00:02:00+00:00"
        },
        {
            "name": "william-costa/database-manager",
            "version": "v0.1.0",
            "source": {
                "type": "git",
                "url": "https://github.com/william-costa/database-manager.git",
                "reference": "ed871363f27251a882b9e5dc036dcac566b271c4"
            },
            "dist": {
                "type": "zip",
                "url": "https://api.github.com/repos/william-costa/database-manager/zipball/ed871363f27251a882b9e5dc036dcac566b271c4",
                "reference": "ed871363f27251a882b9e5dc036dcac566b271c4",
                "shasum": ""
            },
            "require": {
                "php": ">=7.0"
            },
            "type": "library",
            "autoload": {
                "psr-4": {
                    "WilliamCosta\\DatabaseManager\\": "src/"
                }
            },
            "notification-url": "https://packagist.org/downloads/",
            "license": [
                "GPL-3.0-or-later"
            ],
            "authors": [
                {
                    "name": "William Costa",
                    "email": "canalwdev@gmail.com"
                }
            ],
            "description": "A simple library for managing database connections, results pagination and building queries in PHP.",
            "support": {
                "issues": "https://github.com/william-costa/database-manager/issues",
                "source": "https://github.com/william-costa/database-manager/tree/v0.1.0"
            },
            "time": "2021-03-19T18:51:35+00:00"
        },
        {
            "name": "william-costa/dot-env",
            "version": "v0.1.0",
            "source": {
                "type": "git",
                "url": "https://github.com/william-costa/dot-env.git",
                "reference": "e5eb9b0384b57f2812215fab0e3853c16a4b368e"
            },
            "dist": {
                "type": "zip",
                "url": "https://api.github.com/repos/william-costa/dot-env/zipball/e5eb9b0384b57f2812215fab0e3853c16a4b368e",
                "reference": "e5eb9b0384b57f2812215fab0e3853c16a4b368e",
                "shasum": ""
            },
            "require": {
                "php": ">=7.0"
            },
            "type": "library",
            "autoload": {
                "psr-4": {
                    "WilliamCosta\\DotEnv\\": "src/"
                }
            },
            "notification-url": "https://packagist.org/downloads/",
            "license": [
                "GPL-3.0-or-later"
            ],
            "authors": [
                {
                    "name": "William Costa",
                    "email": "canalwdev@gmail.com"
                }
            ],
            "description": "A simple library for managing environment variables in PHP.",
            "support": {
                "issues": "https://github.com/william-costa/dot-env/issues",
                "source": "https://github.com/william-costa/dot-env/tree/v0.1.0"
            },
            "time": "2021-03-19T19:28:14+00:00"
        }
    ],
    "packages-dev": [],
    "aliases": [],
    "minimum-stability": "stable",
    "stability-flags": [],
    "prefer-stable": false,
    "prefer-lowest": false,
    "platform": [],
    "platform-dev": [],
    "plugin-api-version": "2.0.0"
}
